
Microsoft Visual Studio Solution File, Format Version 12.00
# Visual Studio 14
VisualStudioVersion = 14.0.25420.1
MinimumVisualStudioVersion = 10.0.40219.1
Project("{FAE04EC0-301F-11D3-BF4B-00C04F79EFBC}") = "OpenChatterClient", "OpenChatter\OpenChatterClient.csproj", "{BEC9FE72-319F-40D8-A0B4-1BE78E4C15BA}"
EndProject
Project("{FAE04EC0-301F-11D3-BF4B-00C04F79EFBC}") = "OpenChatterServer", "OpenChatterServer\OpenChatterServer.csproj", "{EEDD1279-B173-4898-8F4B-27FCDB332908}"
EndProject
Project("{FAE04EC0-301F-11D3-BF4B-00C04F79EFBC}") = "ServerCoreLib", "ServerCoreLib\ServerCoreLib.csproj", "{3B8CD3AC-CAD5-47DA-B6F9-0A169FEFBCFC}"
EndProject
Project("{FAE04EC0-301F-11D3-BF4B-00C04F79EFBC}") = "CommandHandler", "EventHandler\CommandHandler.csproj", "{B14BABC7-5CE8-4DF8-96AD-6BE42B66568C}"
EndProject
Project("{FAE04EC0-301F-11D3-BF4B-00C04F79EFBC}") = "ClientCoreLib", "ClientCoreLib\ClientCoreLib.csproj", "{62F5C2BF-616E-485D-BC95-2E75CF2C0375}"
EndProject
Project("{FAE04EC0-301F-11D3-BF4B-00C04F79EFBC}") = "HelperSnippets", "HelperSnippets\HelperSnippets.csproj", "{95770401-6CF8-4580-8492-1A21FBCE85C6}"
EndProject
Project("{FAE04EC0-301F-11D3-BF4B-00C04F79EFBC}") = "ChatClientUI", "ChatClientUI\ChatClientUI.csproj", "{51D431BB-580B-4944-BE11-508EB39B5C6A}"
EndProject
Project("{FAE04EC0-301F-11D3-BF4B-00C04F79EFBC}") = "AppData", "AppData\AppData.csproj", "{3E2101F7-D9A9-4D7D-A5E8-BAD46C73FC97}"
EndProject
Project("{FAE04EC0-301F-11D3-BF4B-00C04F79EFBC}") = "Utilities", "Utilities\Utilities.csproj", "{23ACBFBE-A514-4C65-89C4-40C167F9FB2C}"
EndProject
Global
	GlobalSection(SolutionConfigurationPlatforms) = preSolution
		Debug|Any CPU = Debug|Any CPU
		Release|Any CPU = Release|Any CPU
	EndGlobalSection
	GlobalSection(ProjectConfigurationPlatforms) = postSolution
		{BEC9FE72-319F-40D8-A0B4-1BE78E4C15BA}.Debug|Any CPU.ActiveCfg = Debug|Any CPU
		{BEC9FE72-319F-40D8-A0B4-1BE78E4C15BA}.Debug|Any CPU.Build.0 = Debug|Any CPU
		{BEC9FE72-319F-40D8-A0B4-1BE78E4C15BA}.Release|Any CPU.ActiveCfg = Release|Any CPU
		{BEC9FE72-319F-40D8-A0B4-1BE78E4C15BA}.Release|Any CPU.Build.0 = Release|Any CPU
		{EEDD1279-B173-4898-8F4B-27FCDB332908}.Debug|Any CPU.ActiveCfg = Debug|Any CPU
		{EEDD1279-B173-4898-8F4B-27FCDB332908}.Debug|Any CPU.Build.0 = Debug|Any CPU
		{EEDD1279-B173-4898-8F4B-27FCDB332908}.Release|Any CPU.ActiveCfg = Release|Any CPU
		{EEDD1279-B173-4898-8F4B-27FCDB332908}.Release|Any CPU.Build.0 = Release|Any CPU
		{3B8CD3AC-CAD5-47DA-B6F9-0A169FEFBCFC}.Debug|Any CPU.ActiveCfg = Debug|Any CPU
		{3B8CD3AC-CAD5-47DA-B6F9-0A169FEFBCFC}.Debug|Any CPU.Build.0 = Debug|Any CPU
		{3B8CD3AC-CAD5-47DA-B6F9-0A169FEFBCFC}.Release|Any CPU.ActiveCfg = Release|Any CPU
		{3B8CD3AC-CAD5-47DA-B6F9-0A169FEFBCFC}.Release|Any CPU.Build.0 = Release|Any CPU
		{B14BABC7-5CE8-4DF8-96AD-6BE42B66568C}.Debug|Any CPU.ActiveCfg = Debug|Any CPU
		{B14BABC7-5CE8-4DF8-96AD-6BE42B66568C}.Debug|Any CPU.Build.0 = Debug|Any CPU
		{B14BABC7-5CE8-4DF8-96AD-6BE42B66568C}.Release|Any CPU.ActiveCfg = Release|Any CPU
		{B14BABC7-5CE8-4DF8-96AD-6BE42B66568C}.Release|Any CPU.Build.0 = Release|Any CPU
		{62F5C2BF-616E-485D-BC95-2E75CF2C0375}.Debug|Any CPU.ActiveCfg = Debug|Any CPU
		{62F5C2BF-616E-485D-BC95-2E75CF2C0375}.Debug|Any CPU.Build.0 = Debug|Any CPU
		{62F5C2BF-616E-485D-BC95-2E75CF2C0375}.Release|Any CPU.ActiveCfg = Release|Any CPU
		{62F5C2BF-616E-485D-BC95-2E75CF2C0375}.Release|Any CPU.Build.0 = Release|Any CPU
		{95770401-6CF8-4580-8492-1A21FBCE85C6}.Debug|Any CPU.ActiveCfg = Debug|Any CPU
		{95770401-6CF8-4580-8492-1A21FBCE85C6}.Debug|Any CPU.Build.0 = Debug|Any CPU
		{95770401-6CF8-4580-8492-1A21FBCE85C6}.Release|Any CPU.ActiveCfg = Release|Any CPU
		{95770401-6CF8-4580-8492-1A21FBCE85C6}.Release|Any CPU.Build.0 = Release|Any CPU
		{51D431BB-580B-4944-BE11-508EB39B5C6A}.Debug|Any CPU.ActiveCfg = Debug|Any CPU
		{51D431BB-580B-4944-BE11-508EB39B5C6A}.Debug|Any CPU.Build.0 = Debug|Any CPU
		{51D431BB-580B-4944-BE11-508EB39B5C6A}.Release|Any CPU.ActiveCfg = Release|Any CPU
		{51D431BB-580B-4944-BE11-508EB39B5C6A}.Release|Any CPU.Build.0 = Release|Any CPU
		{3E2101F7-D9A9-4D7D-A5E8-BAD46C73FC97}.Debug|Any CPU.ActiveCfg = Debug|Any CPU
		{3E2101F7-D9A9-4D7D-A5E8-BAD46C73FC97}.Debug|Any CPU.Build.0 = Debug|Any CPU
		{3E2101F7-D9A9-4D7D-A5E8-BAD46C73FC97}.Release|Any CPU.ActiveCfg = Release|Any CPU
		{3E2101F7-D9A9-4D7D-A5E8-BAD46C73FC97}.Release|Any CPU.Build.0 = Release|Any CPU
		{23ACBFBE-A514-4C65-89C4-40C167F9FB2C}.Debug|Any CPU.ActiveCfg = Debug|Any CPU
		{23ACBFBE-A514-4C65-89C4-40C167F9FB2C}.Debug|Any CPU.Build.0 = Debug|Any CPU
		{23ACBFBE-A514-4C65-89C4-40C167F9FB2C}.Release|Any CPU.ActiveCfg = Release|Any CPU
		{23ACBFBE-A514-4C65-89C4-40C167F9FB2C}.Release|Any CPU.Build.0 = Release|Any CPU
	EndGlobalSection
	GlobalSection(SolutionProperties) = preSolution
		HideSolutionNode = FALSE
	EndGlobalSection
EndGlobal
